{
  "nodes": {
    "hypr-kdeconnect-fix-src": {
      "flake": false,
      "locked": {
        "lastModified": 1790301701,
        "narHash": "sha256-fswdn3iq1iCXALLWC/p5EgRYbHIMgNHWEhxEtbHtCFY=",
        "owner": "gfhdhytghd",
        "repo": "hypr-kdeconnect-fix",
        "rev": "362b904235c1b1d679eef73cbd5ad08d313d8954",
        "type": "github"
      },
      "original": {
        "owner": "gfhdhytghd",
        "repo": "hypr-kdeconnect-fix",
        "type": "github"
      }
    },
    "nixpkgs": {
      "locked": {
        "lastModified": 1791048980,
        "narHash": "sha256-KgItSKML8Xvte0B7/uGnBDsYzSnnKHcOaiUbgWBXLXw=",
        "owner": "NixOS",
        "repo": "nixpkgs",
        "rev": "a7868a727837f3c09cee2ce0ca671c76b1589fed",
        "type": "github"
      },
      "original": {
        "owner": "NixOS",
        "ref": "nixos-unstable",
        "repo": "nixpkgs",
        "type": "github"
      }
    },
    "root": {
      "inputs": {
        "hypr-kdeconnect-fix-src": "hypr-kdeconnect-fix-src",
        "nixpkgs": "nixpkgs"
      }
    }
  },
  "root": "root",
  "version": 7
}
