{
  "nodes": {
    "hypr-kdeconnect-fix-src": {
      "flake": false,
      "locked": {
        "lastModified": 1790301701,
        "narHash": "sha256-fswdn3iq1iCXALLWC/p5EgRYbHIMgNHWEhxEtbHtCFY=",
        "owner": "gfhdhytghd",
        "repo": "hypr-kdeconnect-fix",
        "rev": "362b904235c1b1d679eef73cbd5ad08d313d8954",
        "type": "github"
      },
      "original": {
        "owner": "gfhdhytghd",
        "repo": "hypr-kdeconnect-fix",
        "type": "github"
      }
    },
    "nixpkgs": {
      "locked": {
        "lastModified": 1790185690,
        "narHash": "sha256-xJ+X4hBtOcAFGBOe5nAMyMUeF9foJBmIOu3NjBqBycU=",
        "owner": "NixOS",
        "repo": "nixpkgs",
        "rev": "4975466d324710c576dc11ad614684e6bd8cad8e",
        "type": "github"
      },
      "original": {
        "owner": "NixOS",
        "ref": "nixos-unstable",
        "repo": "nixpkgs",
        "type": "github"
      }
    },
    "root": {
      "inputs": {
        "hypr-kdeconnect-fix-src": "hypr-kdeconnect-fix-src",
        "nixpkgs": "nixpkgs"
      }
    }
  },
  "root": "root",
  "version": 7
}
